# This file is autogenerated, do not edit; changes may be undone by the next 'dep ensure'.


[[projects]]
  branch = "default"
  name = "bitbucket.org/ww/goautoneg"
  packages = ["."]
  revision = "75cd24fc2f2c2a2088577d12123ddee5f54e0675"

[[projects]]
  name = "cloud.google.com/go"
  packages = ["compute/metadata","iam","internal","internal/optional","internal/version","storage"]
  revision = "767c40d6a2e058483c25fa193e963a22da17236d"
  version = "v0.18.0"

[[projects]]
  name = "github.com/NYTimes/gziphandler"
  packages = ["."]
  revision = "d6f46609c7629af3a02d791a4666866eed3cbd3e"
  version = "v1.0.0"

[[projects]]
  name = "github.com/PuerkitoBio/purell"
  packages = ["."]
  revision = "0bcb03f4b4d0a9428594752bd2a3b9aa0a9d4bd4"
  version = "v1.1.0"

[[projects]]
  branch = "master"
  name = "github.com/PuerkitoBio/urlesc"
  packages = ["."]
  revision = "de5bf2ad457846296e2031421a34e2568e304e35"

[[projects]]
  name = "github.com/asaskevich/govalidator"
  packages = ["."]
  revision = "521b25f4b05fd26bec69d9dedeb8f9c9a83939a8"
  version = "v8"

[[projects]]
  branch = "master"
  name = "github.com/beorn7/perks"
  packages = ["quantile"]
  revision = "4c0e84591b9aa9e6dcfdf3e020114cd81f89d5f9"

[[projects]]
  branch = "master"
  name = "github.com/container-storage-interface/spec"
  packages = ["lib/go/csi"]
  revision = "7ab01a90da87f9fef3ee1de0494962fdefaf7db7"

[[projects]]
  name = "github.com/coreos/etcd"
  packages = ["auth/authpb","client","clientv3","etcdserver/api/v3rpc/rpctypes","etcdserver/etcdserverpb","mvcc/mvccpb","pkg/pathutil","pkg/srv","pkg/tlsutil","pkg/transport","pkg/types","version"]
  revision = "28f3f26c0e303392556035b694f75768d449d33d"
  version = "v3.3.1"

[[projects]]
  name = "github.com/coreos/go-semver"
  packages = ["semver"]
  revision = "8ab6407b697782a06568d4b7f1db25550ec2e4c6"
  version = "v0.2.0"

[[projects]]
  name = "github.com/coreos/go-systemd"
  packages = ["daemon"]
  revision = "40e2722dffead74698ca12a750f64ef313ddce05"
  version = "v16"

[[projects]]
  name = "github.com/davecgh/go-spew"
  packages = ["spew"]
  revision = "346938d642f2ec3594ed81d874461961cd0faa76"
  version = "v1.1.0"

[[projects]]
  name = "github.com/dgrijalva/jwt-go"
  packages = ["."]
  revision = "dbeaa9332f19a944acb5736b4456cfcc02140e29"
  version = "v3.1.0"

[[projects]]
  name = "github.com/docker/distribution"
  packages = ["digestset","reference"]
  revision = "edc3ab29cdff8694dd6feb85cfeb4b5f1b38ed9c"

[[projects]]
  branch = "master"
  name = "github.com/dustin/go-humanize"
  packages = ["."]
  revision = "bb3d318650d48840a39aa21a027c6630e198e626"

[[projects]]
  name = "github.com/elazarl/go-bindata-assetfs"
  packages = ["."]
  revision = "30f82fa23fd844bd5bb1e5f216db87fd77b5eb43"
  version = "v1.0.0"

[[projects]]
  name = "github.com/emicklei/go-restful"
  packages = [".","log"]
  revision = "26b41036311f2da8242db402557a0dbd09dc83da"
  version = "v2.6.0"

[[projects]]
  name = "github.com/emicklei/go-restful-swagger12"
  packages = ["."]
  revision = "dcef7f55730566d41eae5db10e7d6981829720f6"
  version = "1.0.1"

[[projects]]
  branch = "master"
  name = "github.com/evanphx/json-patch"
  packages = ["."]
  revision = "944e07253867aacae43c04b2e6a239005443f33a"

[[projects]]
  name = "github.com/ghodss/yaml"
  packages = ["."]
  revision = "0ca9ea5df5451ffdf184b4428c902747c2c11cd7"
  version = "v1.0.0"

[[projects]]
  branch = "master"
  name = "github.com/go-openapi/analysis"
  packages = ["."]
  revision = "f59a71f0ece6f9dfb438be7f45148f006cbad88e"

[[projects]]
  branch = "master"
  name = "github.com/go-openapi/errors"
  packages = ["."]
  revision = "7bcb96a367bac6b76e6e42fa84155bb5581dcff8"

[[projects]]
  branch = "master"
  name = "github.com/go-openapi/jsonpointer"
  packages = ["."]
  revision = "779f45308c19820f1a69e9a4cd965f496e0da10f"

[[projects]]
  branch = "master"
  name = "github.com/go-openapi/jsonreference"
  packages = ["."]
  revision = "36d33bfe519efae5632669801b180bf1a245da3b"

[[projects]]
  branch = "master"
  name = "github.com/go-openapi/loads"
  packages = ["."]
  revision = "2a2b323bab96e6b1fdee110e57d959322446e9c9"

[[projects]]
  branch = "master"
  name = "github.com/go-openapi/runtime"
  packages = ["."]
  revision = "09fac855d8504674b22594470227bd94e5005025"

[[projects]]
  branch = "master"
  name = "github.com/go-openapi/spec"
  packages = ["."]
  revision = "1de3e0542de65ad8d75452a595886fdd0befb363"

[[projects]]
  branch = "master"
  name = "github.com/go-openapi/strfmt"
  packages = ["."]
  revision = "6d1a47fad79c81e8cd732889cb80e91123951860"

[[projects]]
  branch = "master"
  name = "github.com/go-openapi/swag"
  packages = ["."]
  revision = "84f4bee7c0a6db40e3166044c7983c1c32125429"

[[projects]]
  branch = "master"
  name = "github.com/go-openapi/validate"
  packages = ["."]
  revision = "1ff04bd4a6c8a4af5813bd5bf3dc24c4756b9ee2"

[[projects]]
  name = "github.com/go-ozzo/ozzo-validation"
  packages = [".","is"]
  revision = "85dcd8368eba387e65a03488b003e233994e87e9"
  version = "v3.3"

[[projects]]
  name = "github.com/gogo/protobuf"
  packages = ["gogoproto","proto","protoc-gen-gogo/descriptor","sortkeys"]
  revision = "1adfc126b41513cc696b209667c8656ea7aac67c"
  version = "v1.0.0"

[[projects]]
  branch = "master"
  name = "github.com/golang/glog"
  packages = ["."]
  revision = "23def4e6c14b4da8ac2ed8007337bc5eb5007998"

[[projects]]
  branch = "master"
  name = "github.com/golang/groupcache"
  packages = ["lru"]
  revision = "66deaeb636dff1ac7d938ce666d090556056a4b0"

[[projects]]
  name = "github.com/golang/mock"
  packages = ["gomock"]
  revision = "13f360950a79f5864a972c786a10a50e44b69541"
  version = "v1.0.0"

[[projects]]
  name = "github.com/golang/protobuf"
  packages = ["proto","protoc-gen-go/descriptor","ptypes","ptypes/any","ptypes/duration","ptypes/empty","ptypes/struct","ptypes/timestamp","ptypes/wrappers"]
  revision = "925541529c1fa6821df4e44ce2723319eb2be768"
  version = "v1.0.0"

[[projects]]
  branch = "master"
  name = "github.com/google/btree"
  packages = ["."]
  revision = "e89373fe6b4a7413d7acd6da1725b83ef713e6e4"

[[projects]]
  branch = "master"
  name = "github.com/google/gofuzz"
  packages = ["."]
  revision = "24818f796faf91cd76ec7bddd72458fbced7a6c1"

[[projects]]
  name = "github.com/googleapis/gax-go"
  packages = ["."]
  revision = "317e0006254c44a0ac427cc52a0e083ff0b9622f"
  version = "v2.0.0"

[[projects]]
  name = "github.com/googleapis/gnostic"
  packages = ["OpenAPIv2","compiler","extensions"]
  revision = "ee43cbb60db7bd22502942cccbc39059117352ab"
  version = "v0.1.0"

[[projects]]
  branch = "master"
  name = "github.com/gophercloud/gophercloud"
  packages = [".","openstack","openstack/blockstorage/v3/volumes","openstack/compute/v2/extensions/volumeattach","openstack/identity/v2/tenants","openstack/identity/v2/tokens","openstack/identity/v3/tokens","openstack/utils","pagination"]
  revision = "6da026c32e2d622cc242d32984259c77237aefe1"

[[projects]]
  branch = "master"
  name = "github.com/gregjones/httpcache"
  packages = [".","diskcache"]
  revision = "2bcd89a1743fd4b373f7370ce8ddc14dfbd18229"

[[projects]]
  branch = "master"
  name = "github.com/hashicorp/golang-lru"
  packages = [".","simplelru"]
  revision = "0fb14efe8c47ae851c0034ed7a448854d3d34cf3"

[[projects]]
  name = "github.com/heketi/heketi"
  packages = ["client/api/go-client","pkg/glusterfs/api","pkg/utils"]
  revision = "bee7dfdcea12a378d8496a50b6a46f3e950ec5d2"
  version = "v5.0.1"

[[projects]]
  branch = "master"
  name = "github.com/howeyc/gopass"
  packages = ["."]
  revision = "bf9dde6d0d2c004a008c27aaee91170c786f6db8"

[[projects]]
  name = "github.com/imdario/mergo"
  packages = ["."]
  revision = "163f41321a19dd09362d4c63cc2489db2015f1f4"
  version = "0.3.2"

[[projects]]
  name = "github.com/inconshreveable/mousetrap"
  packages = ["."]
  revision = "76626ae9c91c4f2a10f34cad8ce83ea42c93bb75"
  version = "v1.0"

[[projects]]
  name = "github.com/json-iterator/go"
  packages = ["."]
  revision = "28452fcdec4e44348d2af0d91d1e9e38da3a9e0a"
  version = "1.0.5"

[[projects]]
  name = "github.com/juju/ratelimit"
  packages = ["."]
  revision = "59fac5042749a5afb9af70e813da1dd5474f0167"
  version = "1.0.1"

[[projects]]
  branch = "master"
  name = "github.com/kubernetes-csi/drivers"
  packages = ["pkg/cinder","pkg/cinder/mount","pkg/cinder/openstack","pkg/csi-common","pkg/flexadapter","pkg/hostpath","pkg/iscsi","pkg/nfs"]
  revision = "d1ab787ad5510df08a3a98a091a41adeae4647b4"

[[projects]]
  name = "github.com/lpabon/godbc"
  packages = ["."]
  revision = "432535de9415f4e0333804357bcdf9024bf5748b"
  version = "v1.0"

[[projects]]
  branch = "master"
  name = "github.com/mailru/easyjson"
  packages = ["buffer","jlexer","jwriter"]
  revision = "32fa128f234d041f196a9f3e0fea5ac9772c08e1"

[[projects]]
  name = "github.com/matttproud/golang_protobuf_extensions"
  packages = ["pbutil"]
  revision = "3247c84500bff8d9fb6d579d800f20b3e091582c"
  version = "v1.0.0"

[[projects]]
  branch = "master"
  name = "github.com/mitchellh/mapstructure"
  packages = ["."]
  revision = "a4e142e9c047c904fa2f1e144d9a84e6133024bc"

[[projects]]
  branch = "master"
  name = "github.com/mxk/go-flowrate"
  packages = ["flowrate"]
  revision = "cca7078d478f8520f85629ad7c68962d31ed7682"

[[projects]]
  name = "github.com/opencontainers/go-digest"
  packages = ["."]
  revision = "279bed98673dd5bef374d3b6e4b09e2af76183bf"
  version = "v1.0.0-rc1"

[[projects]]
  name = "github.com/pborman/uuid"
  packages = ["."]
  revision = "e790cca94e6cc75c7064b1332e63811d4aae1a53"
  version = "v1.1"

[[projects]]
  branch = "master"
  name = "github.com/petar/GoLLRB"
  packages = ["llrb"]
  revision = "53be0d36a84c2a886ca057d34b6aa4468df9ccb4"

[[projects]]
  name = "github.com/peterbourgon/diskv"
  packages = ["."]
  revision = "5f041e8faa004a95c88a202771f4cc3e991971e6"
  version = "v2.0.1"

[[projects]]
  name = "github.com/pmezard/go-difflib"
  packages = ["difflib"]
  revision = "792786c7400a136282c1664665ae0a8db921c6c2"
  version = "v1.0.0"

[[projects]]
  name = "github.com/prometheus/client_golang"
  packages = ["prometheus"]
  revision = "c5b7fccd204277076155f10851dad72b76a49317"
  version = "v0.8.0"

[[projects]]
  branch = "master"
  name = "github.com/prometheus/client_model"
  packages = ["go"]
  revision = "99fa1f4be8e564e8a6b613da7fa6f46c9edafc6c"

[[projects]]
  branch = "master"
  name = "github.com/prometheus/common"
  packages = ["expfmt","internal/bitbucket.org/ww/goautoneg","model"]
  revision = "89604d197083d4781071d3c65855d24ecfb0a563"

[[projects]]
  branch = "master"
  name = "github.com/prometheus/procfs"
  packages = [".","internal/util","nfs","xfs"]
  revision = "cb4147076ac75738c9a7d279075a253c0cc5acbd"

[[projects]]
  name = "github.com/spf13/cobra"
  packages = ["."]
  revision = "7b2c5ac9fc04fc5efafb60700713d4fa609b777b"
  version = "v0.0.1"

[[projects]]
  name = "github.com/spf13/pflag"
  packages = ["."]
  revision = "e57e3eeb33f795204c1ca35f56c44f83227c6e66"
  version = "v1.0.0"

[[projects]]
  name = "github.com/stretchr/objx"
  packages = ["."]
  revision = "facf9a85c22f48d2f52f2380e4efce1768749a89"
  version = "v0.1"

[[projects]]
  name = "github.com/stretchr/testify"
  packages = ["assert","mock"]
  revision = "12b6f73e6084dad08a7c6e575284b177ecafbc71"
  version = "v1.2.1"

[[projects]]
  name = "github.com/ugorji/go"
  packages = ["codec"]
  revision = "9831f2c3ac1068a78f50999a30db84270f647af6"
  version = "v1.1"

[[projects]]
  branch = "master"
  name = "go4.org"
  packages = ["syncutil/singleflight"]
  revision = "fba789b7e39ba524b9e60c45c37a50fae63a2a09"

[[projects]]
  branch = "master"
  name = "golang.org/x/build"
  packages = ["autocertcache"]
  revision = "ef2faf7a5d16b41e67a26b9e1b415f8b780bdeef"

[[projects]]
  branch = "master"
  name = "golang.org/x/crypto"
  packages = ["acme","acme/autocert","ed25519","ed25519/internal/edwards25519","ssh/terminal"]
  revision = "5119cf507ed5294cc409c092980c7497ee5d6fd2"

[[projects]]
  branch = "master"
  name = "golang.org/x/net"
  packages = ["context","context/ctxhttp","dns/dnsmessage","html","html/atom","http/httpproxy","http2","http2/hpack","idna","internal/nettest","internal/timeseries","lex/httplex","trace","websocket"]
  revision = "f5dfe339be1d06f81b22525fe34671ee7d2c8904"

[[projects]]
  branch = "master"
  name = "golang.org/x/oauth2"
  packages = [".","google","internal","jws","jwt"]
  revision = "543e37812f10c46c622c9575afd7ad22f22a12ba"

[[projects]]
  branch = "master"
  name = "golang.org/x/sys"
  packages = ["unix","windows"]
  revision = "37707fdb30a5b38865cfb95e5aab41707daec7fd"

[[projects]]
  branch = "master"
  name = "golang.org/x/text"
  packages = ["cmd/gotext/examples/extract_http/pkg","collate","collate/build","encoding","encoding/charmap","encoding/ianaindex","encoding/internal","encoding/internal/identifier","encoding/japanese","encoding/korean","encoding/simplifiedchinese","encoding/traditionalchinese","encoding/unicode","feature/plural","internal","internal/catmsg","internal/cldrtree","internal/colltab","internal/format","internal/gen","internal/number","internal/stringset","internal/tag","internal/testtext","internal/triegen","internal/ucd","internal/utf8internal","language","message","message/catalog","message/pipeline","number","runes","secure/bidirule","transform","unicode/bidi","unicode/cldr","unicode/norm","unicode/rangetable","unicode/runenames","width"]
  revision = "4e4a3210bb54bb31f6ab2cdca2edcc0b50c420c1"

[[projects]]
  branch = "master"
  name = "golang.org/x/tools"
  packages = ["go/ast/astutil","go/buildutil","go/gccgoexportdata","go/internal/gccgoimporter","go/loader","go/types/typeutil","refactor/importgraph","refactor/rename","refactor/satisfy"]
  revision = "ce871d178848e3eea1e8795e5cfb74053dde4bb9"

[[projects]]
  branch = "master"
  name = "google.golang.org/api"
  packages = ["compute/v1","gensupport","googleapi","googleapi/internal/uritemplates","googleapi/transport","internal","iterator","option","storage/v1","transport/http"]
  revision = "c7a403bb5fe12fe4644bb956edd5cd677626120a"

[[projects]]
  name = "google.golang.org/appengine"
  packages = [".","datastore","internal","internal/app_identity","internal/base","internal/datastore","internal/log","internal/memcache","internal/modules","internal/remote_api","internal/urlfetch","internal/user","log","memcache","urlfetch","user"]
  revision = "150dc57a1b433e64154302bdc40b6bb8aefa313a"
  version = "v1.0.0"

[[projects]]
  branch = "master"
  name = "google.golang.org/genproto"
  packages = ["googleapis/api","googleapis/api/annotations","googleapis/api/configchange","googleapis/api/distribution","googleapis/api/httpbody","googleapis/api/label","googleapis/api/metric","googleapis/api/monitoredres","googleapis/api/serviceconfig","googleapis/cloud/audit","googleapis/cloud/oslogin/common","googleapis/cloud/support/common","googleapis/devtools/source/v1","googleapis/iam/v1","googleapis/logging/type","googleapis/longrunning","googleapis/rpc/code","googleapis/rpc/errdetails","googleapis/rpc/status","googleapis/type/color","googleapis/type/date","googleapis/type/dayofweek","googleapis/type/latlng","googleapis/type/money","googleapis/type/timeofday","protobuf/api","protobuf/field_mask","protobuf/ptype","protobuf/source_context"]
  revision = "2b5a72b8730b0b16380010cfe5286c42108d88e7"

[[projects]]
  name = "google.golang.org/grpc"
  packages = [".","balancer","balancer/base","balancer/roundrobin","benchmark","benchmark/grpc_testing","benchmark/latency","benchmark/stats","codes","connectivity","credentials","credentials/oauth","encoding","encoding/gzip","examples/helloworld/helloworld","examples/helloworld/mock_helloworld","examples/route_guide/mock_routeguide","examples/route_guide/routeguide","grpclb/grpc_lb_v1/messages","grpclb/grpc_lb_v1/service","grpclog","grpclog/glogger","health","health/grpc_health_v1","internal","interop","interop/grpc_testing","keepalive","metadata","naming","peer","reflection","reflection/grpc_reflection_v1alpha","resolver","resolver/dns","resolver/manual","resolver/passthrough","stats","status","stress/grpc_testing","tap","test/bufconn","test/codec_perf","test/grpc_testing","test/leakcheck","testdata","transport"]
  revision = "6b51017f791ae1cfbec89c52efdf444b13b550ef"
  version = "v1.9.2"

[[projects]]
  name = "gopkg.in/gcfg.v1"
  packages = [".","scanner","token","types"]
  revision = "298b7a6a3838f79debfaee8bd3bfb2b8d779e756"
  version = "v1.2.1"

[[projects]]
  name = "gopkg.in/inf.v0"
  packages = ["."]
  revision = "3887ee99ecf07df5b447e9b00d9c0b2adaa9f3e4"
  version = "v0.9.0"

[[projects]]
  branch = "v2"
  name = "gopkg.in/mgo.v2"
  packages = ["bson","internal/json"]
  revision = "3f83fa5005286a7fe593b055f0d7771a7dce4655"

[[projects]]
  name = "gopkg.in/natefinch/lumberjack.v2"
  packages = ["."]
  revision = "a96e63847dc3c67d17befa69c303767e2f84e54f"
  version = "v2.1"

[[projects]]
  name = "gopkg.in/square/go-jose.v2"
  packages = [".","cipher","json","jwt"]
  revision = "f8f38de21b4dcd69d0413faf231983f5fd6634b1"
  version = "v2.1.3"

[[projects]]
  name = "gopkg.in/warnings.v0"
  packages = ["."]
  revision = "ec4a0fea49c7b46c2aeb0b51aac55779c607e52b"
  version = "v0.1.2"

[[projects]]
  branch = "v2"
  name = "gopkg.in/yaml.v2"
  packages = ["."]
  revision = "d670f9405373e636a5a2765eea47fac0c9bc91a4"

[[projects]]
  branch = "master"
  name = "k8s.io/api"
  packages = ["admission/v1beta1","admissionregistration/v1alpha1","admissionregistration/v1beta1","apps/v1","apps/v1beta1","apps/v1beta2","authentication/v1","authentication/v1beta1","authorization/v1","authorization/v1beta1","autoscaling/v1","autoscaling/v2beta1","batch/v1","batch/v1beta1","batch/v2alpha1","certificates/v1beta1","core/v1","events/v1beta1","extensions/v1beta1","networking/v1","policy/v1beta1","rbac/v1","rbac/v1alpha1","rbac/v1beta1","scheduling/v1alpha1","settings/v1alpha1","storage/v1","storage/v1alpha1","storage/v1beta1"]
  revision = "2694da5be9c4ab4f3fd826112d4c3f71b8bf4b23"

[[projects]]
  branch = "master"
  name = "k8s.io/apiextensions-apiserver"
  packages = ["examples/client-go/pkg/apis/cr","examples/client-go/pkg/apis/cr/v1","examples/client-go/pkg/client/clientset/versioned","examples/client-go/pkg/client/clientset/versioned/scheme","examples/client-go/pkg/client/clientset/versioned/typed/cr/v1","examples/client-go/pkg/client/clientset/versioned/typed/cr/v1/fake","examples/client-go/pkg/client/informers/externalversions/cr","examples/client-go/pkg/client/informers/externalversions/cr/v1","examples/client-go/pkg/client/informers/externalversions/internalinterfaces","examples/client-go/pkg/client/listers/cr/v1","pkg/apis/apiextensions","pkg/apis/apiextensions/fuzzer","pkg/apis/apiextensions/install","pkg/apis/apiextensions/v1beta1","pkg/apis/apiextensions/validation","pkg/apiserver","pkg/apiserver/validation","pkg/client/clientset/clientset","pkg/client/clientset/clientset/scheme","pkg/client/clientset/clientset/typed/apiextensions/v1beta1","pkg/client/clientset/clientset/typed/apiextensions/v1beta1/fake","pkg/client/clientset/internalclientset","pkg/client/clientset/internalclientset/scheme","pkg/client/clientset/internalclientset/typed/apiextensions/internalversion","pkg/client/clientset/internalclientset/typed/apiextensions/internalversion/fake","pkg/client/informers/externalversions","pkg/client/informers/externalversions/apiextensions","pkg/client/informers/externalversions/apiextensions/v1beta1","pkg/client/informers/externalversions/internalinterfaces","pkg/client/informers/internalversion","pkg/client/informers/internalversion/apiextensions","pkg/client/informers/internalversion/apiextensions/internalversion","pkg/client/informers/internalversion/internalinterfaces","pkg/client/listers/apiextensions/internalversion","pkg/client/listers/apiextensions/v1beta1","pkg/cmd/server","pkg/controller/finalizer","pkg/controller/status","pkg/features","pkg/registry/customresource","pkg/registry/customresourcedefinition"]
  revision = "d64d645c52b769d38dbfa509fcba27186c212117"

[[projects]]
  branch = "master"
  name = "k8s.io/apimachinery"
  packages = ["pkg/api/equality","pkg/api/errors","pkg/api/meta","pkg/api/resource","pkg/api/testing","pkg/api/testing/fuzzer","pkg/api/testing/roundtrip","pkg/api/validation","pkg/api/validation/path","pkg/apimachinery","pkg/apimachinery/announced","pkg/apimachinery/registered","pkg/apis/meta/fuzzer","pkg/apis/meta/internalversion","pkg/apis/meta/v1","pkg/apis/meta/v1/unstructured","pkg/apis/meta/v1/validation","pkg/apis/meta/v1beta1","pkg/conversion","pkg/conversion/queryparams","pkg/fields","pkg/labels","pkg/runtime","pkg/runtime/schema","pkg/runtime/serializer","pkg/runtime/serializer/json","pkg/runtime/serializer/protobuf","pkg/runtime/serializer/recognizer","pkg/runtime/serializer/streaming","pkg/runtime/serializer/versioning","pkg/selection","pkg/types","pkg/util/cache","pkg/util/clock","pkg/util/diff","pkg/util/errors","pkg/util/framer","pkg/util/httpstream","pkg/util/intstr","pkg/util/json","pkg/util/mergepatch","pkg/util/net","pkg/util/proxy","pkg/util/rand","pkg/util/runtime","pkg/util/sets","pkg/util/strategicpatch","pkg/util/uuid","pkg/util/validation","pkg/util/validation/field","pkg/util/wait","pkg/util/waitgroup","pkg/util/yaml","pkg/version","pkg/watch","third_party/forked/golang/json","third_party/forked/golang/netutil","third_party/forked/golang/reflect"]
  revision = "616b23029fa3dc3e0ccefd47963f5651a6543d94"

[[projects]]
  branch = "master"
  name = "k8s.io/apiserver"
  packages = ["pkg/admission","pkg/admission/configuration","pkg/admission/initializer","pkg/admission/metrics","pkg/admission/plugin/initialization","pkg/admission/plugin/namespace/lifecycle","pkg/admission/plugin/webhook/config","pkg/admission/plugin/webhook/config/apis/webhookadmission","pkg/admission/plugin/webhook/config/apis/webhookadmission/v1alpha1","pkg/admission/plugin/webhook/errors","pkg/admission/plugin/webhook/mutating","pkg/admission/plugin/webhook/namespace","pkg/admission/plugin/webhook/request","pkg/admission/plugin/webhook/rules","pkg/admission/plugin/webhook/validating","pkg/admission/plugin/webhook/versioned","pkg/apis/apiserver","pkg/apis/apiserver/install","pkg/apis/apiserver/v1alpha1","pkg/apis/audit","pkg/apis/audit/install","pkg/apis/audit/v1alpha1","pkg/apis/audit/v1beta1","pkg/apis/audit/validation","pkg/audit","pkg/audit/policy","pkg/authentication/authenticator","pkg/authentication/authenticatorfactory","pkg/authentication/group","pkg/authentication/request/anonymous","pkg/authentication/request/bearertoken","pkg/authentication/request/headerrequest","pkg/authentication/request/union","pkg/authentication/request/websocket","pkg/authentication/request/x509","pkg/authentication/serviceaccount","pkg/authentication/token/tokenfile","pkg/authentication/user","pkg/authorization/authorizer","pkg/authorization/authorizerfactory","pkg/authorization/union","pkg/endpoints","pkg/endpoints/discovery","pkg/endpoints/filters","pkg/endpoints/handlers","pkg/endpoints/handlers/negotiation","pkg/endpoints/handlers/responsewriters","pkg/endpoints/metrics","pkg/endpoints/openapi","pkg/endpoints/request","pkg/features","pkg/registry/generic","pkg/registry/generic/registry","pkg/registry/rest","pkg/server","pkg/server/filters","pkg/server/healthz","pkg/server/httplog","pkg/server/mux","pkg/server/options","pkg/server/resourceconfig","pkg/server/routes","pkg/server/routes/data/swagger","pkg/server/storage","pkg/storage","pkg/storage/errors","pkg/storage/etcd","pkg/storage/etcd/metrics","pkg/storage/etcd/util","pkg/storage/etcd3","pkg/storage/etcd3/preflight","pkg/storage/names","pkg/storage/storagebackend","pkg/storage/storagebackend/factory","pkg/storage/value","pkg/util/feature","pkg/util/flag","pkg/util/flushwriter","pkg/util/logs","pkg/util/trace","pkg/util/webhook","pkg/util/wsstream","plugin/pkg/audit/log","plugin/pkg/audit/webhook","plugin/pkg/authenticator/token/webhook","plugin/pkg/authorizer/webhook"]
  revision = "16f07649a010bed64bb9c7986bd9988f68ce0421"

[[projects]]
  name = "k8s.io/client-go"
  packages = ["discovery","discovery/fake","informers","informers/admissionregistration","informers/admissionregistration/v1alpha1","informers/admissionregistration/v1beta1","informers/apps","informers/apps/v1","informers/apps/v1beta1","informers/apps/v1beta2","informers/autoscaling","informers/autoscaling/v1","informers/autoscaling/v2beta1","informers/batch","informers/batch/v1","informers/batch/v1beta1","informers/batch/v2alpha1","informers/certificates","informers/certificates/v1beta1","informers/core","informers/core/v1","informers/events","informers/events/v1beta1","informers/extensions","informers/extensions/v1beta1","informers/internalinterfaces","informers/networking","informers/networking/v1","informers/policy","informers/policy/v1beta1","informers/rbac","informers/rbac/v1","informers/rbac/v1alpha1","informers/rbac/v1beta1","informers/scheduling","informers/scheduling/v1alpha1","informers/settings","informers/settings/v1alpha1","informers/storage","informers/storage/v1","informers/storage/v1alpha1","informers/storage/v1beta1","kubernetes","kubernetes/scheme","kubernetes/typed/admissionregistration/v1alpha1","kubernetes/typed/admissionregistration/v1beta1","kubernetes/typed/apps/v1","kubernetes/typed/apps/v1beta1","kubernetes/typed/apps/v1beta2","kubernetes/typed/authentication/v1","kubernetes/typed/authentication/v1beta1","kubernetes/typed/authorization/v1","kubernetes/typed/authorization/v1beta1","kubernetes/typed/autoscaling/v1","kubernetes/typed/autoscaling/v2beta1","kubernetes/typed/batch/v1","kubernetes/typed/batch/v1beta1","kubernetes/typed/batch/v2alpha1","kubernetes/typed/certificates/v1beta1","kubernetes/typed/core/v1","kubernetes/typed/events/v1beta1","kubernetes/typed/extensions/v1beta1","kubernetes/typed/networking/v1","kubernetes/typed/policy/v1beta1","kubernetes/typed/rbac/v1","kubernetes/typed/rbac/v1alpha1","kubernetes/typed/rbac/v1beta1","kubernetes/typed/scheduling/v1alpha1","kubernetes/typed/settings/v1alpha1","kubernetes/typed/storage/v1","kubernetes/typed/storage/v1alpha1","kubernetes/typed/storage/v1beta1","listers/admissionregistration/v1alpha1","listers/admissionregistration/v1beta1","listers/apps/v1","listers/apps/v1beta1","listers/apps/v1beta2","listers/autoscaling/v1","listers/autoscaling/v2beta1","listers/batch/v1","listers/batch/v1beta1","listers/batch/v2alpha1","listers/certificates/v1beta1","listers/core/v1","listers/events/v1beta1","listers/extensions/v1beta1","listers/networking/v1","listers/policy/v1beta1","listers/rbac/v1","listers/rbac/v1alpha1","listers/rbac/v1beta1","listers/scheduling/v1alpha1","listers/settings/v1alpha1","listers/storage/v1","listers/storage/v1alpha1","listers/storage/v1beta1","pkg/version","rest","rest/watch","testing","tools/auth","tools/cache","tools/clientcmd","tools/clientcmd/api","tools/clientcmd/api/latest","tools/clientcmd/api/v1","tools/metrics","tools/pager","tools/record","tools/reference","transport","util/buffer","util/cert","util/flowcontrol","util/homedir","util/integer","util/retry","util/workqueue"]
  revision = "78700dec6369ba22221b72770783300f143df150"
  version = "v6.0.0"

[[projects]]
  branch = "master"
  name = "k8s.io/kube-openapi"
  packages = ["pkg/builder","pkg/common","pkg/handler","pkg/util","pkg/util/proto"]
  revision = "275e2ce91dec4c05a4094a7b1daee5560b555ac9"

[[projects]]
  branch = "master"
  name = "k8s.io/kubernetes"
  packages = ["pkg/api/legacyscheme","pkg/api/service","pkg/api/v1/pod","pkg/apis/autoscaling","pkg/apis/core","pkg/apis/core/helper","pkg/apis/core/install","pkg/apis/core/pods","pkg/apis/core/v1","pkg/apis/core/v1/helper","pkg/apis/core/validation","pkg/apis/extensions","pkg/apis/networking","pkg/capabilities","pkg/cloudprovider","pkg/controller","pkg/features","pkg/fieldpath","pkg/kubelet/apis","pkg/kubelet/types","pkg/master/ports","pkg/security/apparmor","pkg/serviceaccount","pkg/util/file","pkg/util/hash","pkg/util/io","pkg/util/mount","pkg/util/net/sets","pkg/util/nsenter","pkg/util/parsers","pkg/util/pointer","pkg/util/taints","pkg/volume","pkg/volume/util"]
  revision = "19829a24f1c1ee608e1862bfe9828f4630f484cd"

[[projects]]
  branch = "master"
  name = "k8s.io/utils"
  packages = ["exec"]
  revision = "258e2a2fa64568210fbd6267cf1d8fd87c3cb86e"

[solve-meta]
  analyzer-name = "dep"
  analyzer-version = 1
  inputs-digest = "2a1a90195222f166c7086cc1613919be0efaf8e6262ef8f98c77b12dd766b6b9"
  solver-name = "gps-cdcl"
  solver-version = 1
